// !$*UTF8*$!
{
	archiveVersion = 1;
	classes = {
	};
	objectVersion = 77;
	objects = {

/* Begin PBXContainerItemProxy section */
		64F3FB8D2FA1143A00D7078A /* PBXContainerItemProxy */ = {
			isa = PBXContainerItemProxy;
			containerPortal = 64F3FB752FA1143800D7078A /* Project object */;
			proxyType = 1;
			remoteGlobalIDString = 64F3FB7C2FA1143800D7078A;
			remoteInfo = SSSBLaundry;
		};
		64F3FB972FA1143A00D7078A /* PBXContainerItemProxy */ = {
			isa = PBXContainerItemProxy;
			containerPortal = 64F3FB752FA1143800D7078A /* Project object */;
			proxyType = 1;
			remoteGlobalIDString = 64F3FB7C2FA1143800D7078A;
			remoteInfo = SSSBLaundry;
		};
/* End PBXContainerItemProxy section */

/* Begin PBXFileReference section */
		64F3FB7D2FA1143800D7078A /* SSSBLaundry.app */ = {isa = PBXFileReference; explicitFileType = wrapper.application; includeInIndex = 0; path = SSSBLaundry.app; sourceTree = BUILT_PRODUCTS_DIR; };
		64F3FB8C2FA1143A00D7078A /* SSSBLaundryTests.xctest */ = {isa = PBXFileReference; explicitFileType = wrapper.cfbundle; includeInIndex = 0; path = SSSBLaundryTests.xctest; sourceTree = BUILT_PRODUCTS_DIR; };
		64F3FB962FA1143A00D7078A /* SSSBLaundryUITests.xctest */ = {isa = PBXFileReference; explicitFileType = wrapper.cfbundle; includeInIndex = 0; path = SSSBLaundryUITests.xctest; sourceTree = BUILT_PRODUCTS_DIR; };
/* End PBXFileReference section */

/* Begin PBXFileSystemSynchronizedRootGroup section */
		64F3FB7F2FA1143800D7078A /* SSSBLaundry */ = {
			isa = PBXFileSystemSynchronizedRootGroup;
			path = SSSBLaundry;
			sourceTree = "<group>";
		};
		64F3FB8F2FA1143A00D7078A /* SSSBLaundryTests */ = {
			isa = PBXFileSystemSynchronizedRootGroup;
			path = SSSBLaundryTests;
			sourceTree = "<group>";
		};
		64F3FB992FA1143A00D7078A /* SSSBLaundryUITests */ = {
			isa = PBXFileSystemSynchronizedRootGroup;
			path = SSSBLaundryUITests;
			sourceTree = "<group>";
		};
/* End PBXFileSystemSynchronizedRootGroup section */

/* Begin PBXFrameworksBuildPhase section */
		64F3FB7A2FA1143800D7078A /* Frameworks */ = {
			isa = PBXFrameworksBuildPhase;
			buildActionMask = 2147483647;
			files = (
			);
			runOnlyForDeploymentPostprocessing = 0;
		};
		64F3FB892FA1143A00D7078A /* Frameworks */ = {
			isa = PBXFrameworksBuildPhase;
			buildActionMask = 2147483647;
			files = (
			);
			runOnlyForDeploymentPostprocessing = 0;
		};
		64F3FB932FA1143A00D7078A /* Frameworks */ = {
			isa = PBXFrameworksBuildPhase;
			buildActionMask = 2147483647;
			files = (
			);
			runOnlyForDeploymentPostprocessing = 0;
		};
/* End PBXFrameworksBuildPhase section */

/* Begin PBXGroup section */
		64F3FB742FA1143800D7078A = {
			isa = PBXGroup;
			children = (
				64F3FB7F2FA1143800D7078A /* SSSBLaundry */,
				64F3FB8F2FA1143A00D7078A /* SSSBLaundryTests */,
				64F3FB992FA1143A00D7078A /* SSSBLaundryUITests */,
				64F3FB7E2FA1143800D7078A /* Products */,
			);
			sourceTree = "<group>";
		};
		64F3FB7E2FA1143800D7078A /* Products */ = {
			isa = PBXGroup;
			children = (
				64F3FB7D2FA1143800D7078A /* SSSBLaundry.app */,
				64F3FB8C2FA1143A00D7078A /* SSSBLaundryTests.xctest */,
				64F3FB962FA1143A00D7078A /* SSSBLaundryUITests.xctest */,
			);
			name = Products;
			sourceTree = "<group>";
		};
/* End PBXGroup section */

/* Begin PBXNativeTarget section */
		64F3FB7C2FA1143800D7078A /* SSSBLaundry */ = {
			isa = PBXNativeTarget;
			buildConfigurationList = 64F3FBA02FA1143A00D7078A /* Build configuration list for PBXNativeTarget "SSSBLaundry" */;
			buildPhases = (
				64F3FB792FA1143800D7078A /* Sources */,
				64F3FB7A2FA1143800D7078A /* Frameworks */,
				64F3FB7B2FA1143800D7078A /* Resources */,
			);
			buildRules = (
			);
			dependencies = (
			);
			fileSystemSynchronizedGroups = (
				64F3FB7F2FA1143800D7078A /* SSSBLaundry */,
			);
			name = SSSBLaundry;
			packageProductDependencies = (
			);
			productName = SSSBLaundry;
			productReference = 64F3FB7D2FA1143800D7078A /* SSSBLaundry.app */;
			productType = "com.apple.product-type.application";
		};
		64F3FB8B2FA1143A00D7078A /* SSSBLaundryTests */ = {
			isa = PBXNativeTarget;
			buildConfigurationList = 64F3FBA32FA1143A00D7078A /* Build configuration list for PBXNativeTarget "SSSBLaundryTests" */;
			buildPhases = (
				64F3FB882FA1143A00D7078A /* Sources */,
				64F3FB892FA1143A00D7078A /* Frameworks */,
				64F3FB8A2FA1143A00D7078A /* Resources */,
			);
			buildRules = (
			);
			dependencies = (
				64F3FB8E2FA1143A00D7078A /* PBXTargetDependency */,
			);
			fileSystemSynchronizedGroups = (
				64F3FB8F2FA1143A00D7078A /* SSSBLaundryTests */,
			);
			name = SSSBLaundryTests;
			packageProductDependencies = (
			);
			productName = SSSBLaundryTests;
			productReference = 64F3FB8C2FA1143A00D7078A /* SSSBLaundryTests.xctest */;
			productType = "com.apple.product-type.bundle.unit-test";
		};
		64F3FB952FA1143A00D7078A /* SSSBLaundryUITests */ = {
			isa = PBXNativeTarget;
			buildConfigurationList = 64F3FBA62FA1143A00D7078A /* Build configuration list for PBXNativeTarget "SSSBLaundryUITests" */;
			buildPhases = (
				64F3FB922FA1143A00D7078A /* Sources */,
				64F3FB932FA1143A00D7078A /* Frameworks */,
				64F3FB942FA1143A00D7078A /* Resources */,
			);
			buildRules = (
			);
			dependencies = (
				64F3FB982FA1143A00D7078A /* PBXTargetDependency */,
			);
			fileSystemSynchronizedGroups = (
				64F3FB992FA1143A00D7078A /* SSSBLaundryUITests */,
			);
			name = SSSBLaundryUITests;
			packageProductDependencies = (
			);
			productName = SSSBLaundryUITests;
			productReference = 64F3FB962FA1143A00D7078A /* SSSBLaundryUITests.xctest */;
			productType = "com.apple.product-type.bundle.ui-testing";
		};
/* End PBXNativeTarget section */

/* Begin PBXProject section */
		64F3FB752FA1143800D7078A /* Project object */ = {
			isa = PBXProject;
			attributes = {
				BuildIndependentTargetsInParallel = 1;
				LastSwiftUpdateCheck = 2640;
				LastUpgradeCheck = 2640;
				TargetAttributes = {
					64F3FB7C2FA1143800D7078A = {
						CreatedOnToolsVersion = 26.4.1;
					};
					64F3FB8B2FA1143A00D7078A = {
						CreatedOnToolsVersion = 26.4.1;
						TestTargetID = 64F3FB7C2FA1143800D7078A;
					};
					64F3FB952FA1143A00D7078A = {
						CreatedOnToolsVersion = 26.4.1;
						TestTargetID = 64F3FB7C2FA1143800D7078A;
					};
				};
			};
			buildConfigurationList = 64F3FB782FA1143800D7078A /* Build configuration list for PBXProject "SSSBLaundry" */;
			developmentRegion = en;
			hasScannedForEncodings = 0;
			knownRegions = (
				en,
				Base,
			);
			mainGroup = 64F3FB742FA1143800D7078A;
			minimizedProjectReferenceProxies = 1;
			preferredProjectObjectVersion = 77;
			productRefGroup = 64F3FB7E2FA1143800D7078A /* Products */;
			projectDirPath = "";
			projectRoot = "";
			targets = (
				64F3FB7C2FA1143800D7078A /* SSSBLaundry */,
				64F3FB8B2FA1143A00D7078A /* SSSBLaundryTests */,
				64F3FB952FA1143A00D7078A /* SSSBLaundryUITests */,
			);
		};
/* End PBXProject section */

/* Begin PBXResourcesBuildPhase section */
		64F3FB7B2FA1143800D7078A /* Resources */ = {
			isa = PBXResourcesBuildPhase;
			buildActionMask = 2147483647;
			files = (
			);
			runOnlyForDeploymentPostprocessing = 0;
		};
		64F3FB8A2FA1143A00D7078A /* Resources */ = {
			isa = PBXResourcesBuildPhase;
			buildActionMask = 2147483647;
			files = (
			);
			runOnlyForDeploymentPostprocessing = 0;
		};
		64F3FB942FA1143A00D7078A /* Resources */ = {
			isa = PBXResourcesBuildPhase;
			buildActionMask = 2147483647;
			files = (
			);
			runOnlyForDeploymentPostprocessing = 0;
		};
/* End PBXResourcesBuildPhase section */

/* Begin PBXSourcesBuildPhase section */
		64F3FB792FA1143800D7078A /* Sources */ = {
			isa = PBXSourcesBuildPhase;
			buildActionMask = 2147483647;
			files = (
			);
			runOnlyForDeploymentPostprocessing = 0;
		};
		64F3FB882FA1143A00D7078A /* Sources */ = {
			isa = PBXSourcesBuildPhase;
			buildActionMask = 2147483647;
			files = (
			);
			runOnlyForDeploymentPostprocessing = 0;
		};
		64F3FB922FA1143A00D7078A /* Sources */ = {
			isa = PBXSourcesBuildPhase;
			buildActionMask = 2147483647;
			files = (
			);
			runOnlyForDeploymentPostprocessing = 0;
		};
/* End PBXSourcesBuildPhase section */

/* Begin PBXTargetDependency section */
		64F3FB8E2FA1143A00D7078A /* PBXTargetDependency */ = {
			isa = PBXTargetDependency;
			target = 64F3FB7C2FA1143800D7078A /* SSSBLaundry */;
			targetProxy = 64F3FB8D2FA1143A00D7078A /* PBXContainerItemProxy */;
		};
		64F3FB982FA1143A00D7078A /* PBXTargetDependency */ = {
			isa = PBXTargetDependency;
			target = 64F3FB7C2FA1143800D7078A /* SSSBLaundry */;
			targetProxy = 64F3FB972FA1143A00D7078A /* PBXContainerItemProxy */;
		};
/* End PBXTargetDependency section */

/* Begin XCBuildConfiguration section */
		64F3FB9E2FA1143A00D7078A /* Debug */ = {
			isa = XCBuildConfiguration;
			buildSettings = {
				ALWAYS_SEARCH_USER_PATHS = NO;
				ASSETCATALOG_COMPILER_GENERATE_SWIFT_ASSET_SYMBOL_EXTENSIONS = YES;
				CLANG_ANALYZER_NONNULL = YES;
				CLANG_ANALYZER_NUMBER_OBJECT_CONVERSION = YES_AGGRESSIVE;
				CLANG_CXX_LANGUAGE_STANDARD = "gnu++20";
				CLANG_ENABLE_MODULES = YES;
				CLANG_ENABLE_OBJC_ARC = YES;
				CLANG_ENABLE_OBJC_WEAK = YES;
				CLANG_WARN_BLOCK_CAPTURE_AUTORELEASING = YES;
				CLANG_WARN_BOOL_CONVERSION = YES;
				CLANG_WARN_COMMA = YES;
				CLANG_WARN_CONSTANT_CONVERSION = YES;
				CLANG_WARN_DEPRECATED_OBJC_IMPLEMENTATIONS = YES;
				CLANG_WARN_DIRECT_OBJC_ISA_USAGE = YES_ERROR;
				CLANG_WARN_DOCUMENTATION_COMMENTS = YES;
				CLANG_WARN_EMPTY_BODY = YES;
				CLANG_WARN_ENUM_CONVERSION = YES;
				CLANG_WARN_INFINITE_RECURSION = YES;
				CLANG_WARN_INT_CONVERSION = YES;
				CLANG_WARN_NON_LITERAL_NULL_CONVERSION = YES;
				CLANG_WARN_OBJC_IMPLICIT_RETAIN_SELF = YES;
				CLANG_WARN_OBJC_LITERAL_CONVERSION = YES;
				CLANG_WARN_OBJC_ROOT_CLASS = YES_ERROR;
				CLANG_WARN_QUOTED_INCLUDE_IN_FRAMEWORK_HEADER = YES;
				CLANG_WARN_RANGE_LOOP_ANALYSIS = YES;
				CLANG_WARN_STRICT_PROTOTYPES = YES;
				CLANG_WARN_SUSPICIOUS_MOVE = YES;
				CLANG_WARN_UNGUARDED_AVAILABILITY = YES_AGGRESSIVE;
				CLANG_WARN_UNREACHABLE_CODE = YES;
				CLANG_WARN__DUPLICATE_METHOD_MATCH = YES;
				COPY_PHASE_STRIP = NO;
				DEBUG_INFORMATION_FORMAT = dwarf;
				DEVELOPMENT_TEAM = XQ9HKBVB36;
				ENABLE_STRICT_OBJC_MSGSEND = YES;
				ENABLE_TESTABILITY = YES;
				ENABLE_USER_SCRIPT_SANDBOXING = YES;
				GCC_C_LANGUAGE_STANDARD = gnu17;
				GCC_DYNAMIC_NO_PIC = NO;
				GCC_NO_COMMON_BLOCKS = YES;
				GCC_OPTIMIZATION_LEVEL = 0;
				GCC_PREPROCESSOR_DEFINITIONS = (
					"DEBUG=1",
					"$(inherited)",
				);
				GCC_WARN_64_TO_32_BIT_CONVERSION = YES;
				GCC_WARN_ABOUT_RETURN_TYPE = YES_ERROR;
				GCC_WARN_UNDECLARED_SELECTOR = YES;
				GCC_WARN_UNINITIALIZED_AUTOS = YES_AGGRESSIVE;
				GCC_WARN_UNUSED_FUNCTION = YES;
				GCC_WARN_UNUSED_VARIABLE = YES;
				IPHONEOS_DEPLOYMENT_TARGET = 26.4;
				LOCALIZATION_PREFERS_STRING_CATALOGS = YES;
				MTL_ENABLE_DEBUG_INFO = INCLUDE_SOURCE;
				MTL_FAST_MATH = YES;
				ONLY_ACTIVE_ARCH = YES;
				SDKROOT = iphoneos;
				SWIFT_ACTIVE_COMPILATION_CONDITIONS = "DEBUG $(inherited)";
				SWIFT_OPTIMIZATION_LEVEL = "-Onone";
			};
			name = Debug;
		};
		64F3FB9F2FA1143A00D7078A /* Release */ = {
			isa = XCBuildConfiguration;
			buildSettings = {
				ALWAYS_SEARCH_USER_PATHS = NO;
				ASSETCATALOG_COMPILER_GENERATE_SWIFT_ASSET_SYMBOL_EXTENSIONS = YES;
				CLANG_ANALYZER_NONNULL = YES;
				CLANG_ANALYZER_NUMBER_OBJECT_CONVERSION = YES_AGGRESSIVE;
				CLANG_CXX_LANGUAGE_STANDARD = "gnu++20";
				CLANG_ENABLE_MODULES = YES;
				CLANG_ENABLE_OBJC_ARC = YES;
				CLANG_ENABLE_OBJC_WEAK = YES;
				CLANG_WARN_BLOCK_CAPTURE_AUTORELEASING = YES;
				CLANG_WARN_BOOL_CONVERSION = YES;
				CLANG_WARN_COMMA = YES;
				CLANG_WARN_CONSTANT_CONVERSION = YES;
				CLANG_WARN_DEPRECATED_OBJC_IMPLEMENTATIONS = YES;
				CLANG_WARN_DIRECT_OBJC_ISA_USAGE = YES_ERROR;
				CLANG_WARN_DOCUMENTATION_COMMENTS = YES;
				CLANG_WARN_EMPTY_BODY = YES;
				CLANG_WARN_ENUM_CONVERSION = YES;
				CLANG_WARN_INFINITE_RECURSION = YES;
				CLANG_WARN_INT_CONVERSION = YES;
				CLANG_WARN_NON_LITERAL_NULL_CONVERSION = YES;
				CLANG_WARN_OBJC_IMPLICIT_RETAIN_SELF = YES;
				CLANG_WARN_OBJC_LITERAL_CONVERSION = YES;
				CLANG_WARN_OBJC_ROOT_CLASS = YES_ERROR;
				CLANG_WARN_QUOTED_INCLUDE_IN_FRAMEWORK_HEADER = YES;
				CLANG_WARN_RANGE_LOOP_ANALYSIS = YES;
				CLANG_WARN_STRICT_PROTOTYPES = YES;
				CLANG_WARN_SUSPICIOUS_MOVE = YES;
				CLANG_WARN_UNGUARDED_AVAILABILITY = YES_AGGRESSIVE;
				CLANG_WARN_UNREACHABLE_CODE = YES;
				CLANG_WARN__DUPLICATE_METHOD_MATCH = YES;
				COPY_PHASE_STRIP = NO;
				DEBUG_INFORMATION_FORMAT = "dwarf-with-dsym";
				DEVELOPMENT_TEAM = XQ9HKBVB36;
				ENABLE_NS_ASSERTIONS = NO;
				ENABLE_STRICT_OBJC_MSGSEND = YES;
				ENABLE_USER_SCRIPT_SANDBOXING = YES;
				GCC_C_LANGUAGE_STANDARD = gnu17;
				GCC_NO_COMMON_BLOCKS = YES;
				GCC_WARN_64_TO_32_BIT_CONVERSION = YES;
				GCC_WARN_ABOUT_RETURN_TYPE = YES_ERROR;
				GCC_WARN_UNDECLARED_SELECTOR = YES;
				GCC_WARN_UNINITIALIZED_AUTOS = YES_AGGRESSIVE;
				GCC_WARN_UNUSED_FUNCTION = YES;
				GCC_WARN_UNUSED_VARIABLE = YES;
				IPHONEOS_DEPLOYMENT_TARGET = 26.4;
				LOCALIZATION_PREFERS_STRING_CATALOGS = YES;
				MTL_ENABLE_DEBUG_INFO = NO;
				MTL_FAST_MATH = YES;
				SDKROOT = iphoneos;
				SWIFT_COMPILATION_MODE = wholemodule;
				VALIDATE_PRODUCT = YES;
			};
			name = Release;
		};
		64F3FBA12FA1143A00D7078A /* Debug */ = {
			isa = XCBuildConfiguration;
			buildSettings = {
				ASSETCATALOG_COMPILER_APPICON_NAME = AppIcon;
				ASSETCATALOG_COMPILER_GLOBAL_ACCENT_COLOR_NAME = AccentColor;
				CODE_SIGN_STYLE = Automatic;
				CURRENT_PROJECT_VERSION = 1;
				DEVELOPMENT_TEAM = XQ9HKBVB36;
				ENABLE_PREVIEWS = YES;
				GENERATE_INFOPLIST_FILE = YES;
				INFOPLIST_KEY_CFBundleDisplayName = "SSSB Laundry";
				INFOPLIST_KEY_NSCalendarsWriteOnlyAccessUsageDescription = "Add your laundry bookings to your calendar so you don't forget.";
				INFOPLIST_KEY_UIApplicationSceneManifest_Generation = YES;
				INFOPLIST_KEY_UIApplicationSupportsIndirectInputEvents = YES;
				INFOPLIST_KEY_UILaunchScreen_Generation = YES;
				INFOPLIST_KEY_UISupportedInterfaceOrientations_iPad = "UIInterfaceOrientationPortrait UIInterfaceOrientationPortraitUpsideDown UIInterfaceOrientationLandscapeLeft UIInterfaceOrientationLandscapeRight";
				INFOPLIST_KEY_UISupportedInterfaceOrientations_iPhone = "UIInterfaceOrientationPortrait UIInterfaceOrientationLandscapeLeft UIInterfaceOrientationLandscapeRight";
				IPHONEOS_DEPLOYMENT_TARGET = 26.0;
				LD_RUNPATH_SEARCH_PATHS = (
					"$(inherited)",
					"@executable_path/Frameworks",
				);
				MARKETING_VERSION = 1.0;
				PRODUCT_BUNDLE_IDENTIFIER = se.floreteng.SSSBLaundry;
				PRODUCT_NAME = "$(TARGET_NAME)";
				STRING_CATALOG_GENERATE_SYMBOLS = YES;
				SWIFT_APPROACHABLE_CONCURRENCY = YES;
				SWIFT_DEFAULT_ACTOR_ISOLATION = MainActor;
				SWIFT_EMIT_LOC_STRINGS = YES;
				SWIFT_UPCOMING_FEATURE_MEMBER_IMPORT_VISIBILITY = YES;
				SWIFT_VERSION = 5.0;
				TARGETED_DEVICE_FAMILY = "1,2";
			};
			name = Debug;
		};
		64F3FBA22FA1143A00D7078A /* Release */ = {
			isa = XCBuildConfiguration;
			buildSettings = {
				ASSETCATALOG_COMPILER_APPICON_NAME = AppIcon;
				ASSETCATALOG_COMPILER_GLOBAL_ACCENT_COLOR_NAME = AccentColor;
				CODE_SIGN_STYLE = Automatic;
				CURRENT_PROJECT_VERSION = 1;
				DEVELOPMENT_TEAM = XQ9HKBVB36;
				ENABLE_PREVIEWS = YES;
				GENERATE_INFOPLIST_FILE = YES;
				INFOPLIST_KEY_CFBundleDisplayName = "SSSB Laundry";
				INFOPLIST_KEY_NSCalendarsWriteOnlyAccessUsageDescription = "Add your laundry bookings to your calendar so you don't forget.";
				INFOPLIST_KEY_UIApplicationSceneManifest_Generation = YES;
				INFOPLIST_KEY_UIApplicationSupportsIndirectInputEvents = YES;
				INFOPLIST_KEY_UILaunchScreen_Generation = YES;
				INFOPLIST_KEY_UISupportedInterfaceOrientations_iPad = "UIInterfaceOrientationPortrait UIInterfaceOrientationPortraitUpsideDown UIInterfaceOrientationLandscapeLeft UIInterfaceOrientationLandscapeRight";
				INFOPLIST_KEY_UISupportedInterfaceOrientations_iPhone = "UIInterfaceOrientationPortrait UIInterfaceOrientationLandscapeLeft UIInterfaceOrientationLandscapeRight";
				IPHONEOS_DEPLOYMENT_TARGET = 26.0;
				LD_RUNPATH_SEARCH_PATHS = (
					"$(inherited)",
					"@executable_path/Frameworks",
				);
				MARKETING_VERSION = 1.0;
				PRODUCT_BUNDLE_IDENTIFIER = se.floreteng.SSSBLaundry;
				PRODUCT_NAME = "$(TARGET_NAME)";
				STRING_CATALOG_GENERATE_SYMBOLS = YES;
				SWIFT_APPROACHABLE_CONCURRENCY = YES;
				SWIFT_DEFAULT_ACTOR_ISOLATION = MainActor;
				SWIFT_EMIT_LOC_STRINGS = YES;
				SWIFT_UPCOMING_FEATURE_MEMBER_IMPORT_VISIBILITY = YES;
				SWIFT_VERSION = 5.0;
				TARGETED_DEVICE_FAMILY = "1,2";
			};
			name = Release;
		};
		64F3FBA42FA1143A00D7078A /* Debug */ = {
			isa = XCBuildConfiguration;
			buildSettings = {
				BUNDLE_LOADER = "$(TEST_HOST)";
				CODE_SIGN_STYLE = Automatic;
				CURRENT_PROJECT_VERSION = 1;
				DEVELOPMENT_TEAM = XQ9HKBVB36;
				GENERATE_INFOPLIST_FILE = YES;
				IPHONEOS_DEPLOYMENT_TARGET = 26.4;
				MARKETING_VERSION = 1.0;
				PRODUCT_BUNDLE_IDENTIFIER = se.floreteng.SSSBLaundryTests;
				PRODUCT_NAME = "$(TARGET_NAME)";
				STRING_CATALOG_GENERATE_SYMBOLS = NO;
				SWIFT_APPROACHABLE_CONCURRENCY = YES;
				SWIFT_EMIT_LOC_STRINGS = NO;
				SWIFT_UPCOMING_FEATURE_MEMBER_IMPORT_VISIBILITY = YES;
				SWIFT_VERSION = 5.0;
				TARGETED_DEVICE_FAMILY = "1,2";
				TEST_HOST = "$(BUILT_PRODUCTS_DIR)/SSSBLaundry.app/$(BUNDLE_EXECUTABLE_FOLDER_PATH)/SSSBLaundry";
			};
			name = Debug;
		};
		64F3FBA52FA1143A00D7078A /* Release */ = {
			isa = XCBuildConfiguration;
			buildSettings = {
				BUNDLE_LOADER = "$(TEST_HOST)";
				CODE_SIGN_STYLE = Automatic;
				CURRENT_PROJECT_VERSION = 1;
				DEVELOPMENT_TEAM = XQ9HKBVB36;
				GENERATE_INFOPLIST_FILE = YES;
				IPHONEOS_DEPLOYMENT_TARGET = 26.4;
				MARKETING_VERSION = 1.0;
				PRODUCT_BUNDLE_IDENTIFIER = se.floreteng.SSSBLaundryTests;
				PRODUCT_NAME = "$(TARGET_NAME)";
				STRING_CATALOG_GENERATE_SYMBOLS = NO;
				SWIFT_APPROACHABLE_CONCURRENCY = YES;
				SWIFT_EMIT_LOC_STRINGS = NO;
				SWIFT_UPCOMING_FEATURE_MEMBER_IMPORT_VISIBILITY = YES;
				SWIFT_VERSION = 5.0;
				TARGETED_DEVICE_FAMILY = "1,2";
				TEST_HOST = "$(BUILT_PRODUCTS_DIR)/SSSBLaundry.app/$(BUNDLE_EXECUTABLE_FOLDER_PATH)/SSSBLaundry";
			};
			name = Release;
		};
		64F3FBA72FA1143A00D7078A /* Debug */ = {
			isa = XCBuildConfiguration;
			buildSettings = {
				CODE_SIGN_STYLE = Automatic;
				CURRENT_PROJECT_VERSION = 1;
				DEVELOPMENT_TEAM = XQ9HKBVB36;
				GENERATE_INFOPLIST_FILE = YES;
				MARKETING_VERSION = 1.0;
				PRODUCT_BUNDLE_IDENTIFIER = se.floreteng.SSSBLaundryUITests;
				PRODUCT_NAME = "$(TARGET_NAME)";
				STRING_CATALOG_GENERATE_SYMBOLS = NO;
				SWIFT_APPROACHABLE_CONCURRENCY = YES;
				SWIFT_EMIT_LOC_STRINGS = NO;
				SWIFT_UPCOMING_FEATURE_MEMBER_IMPORT_VISIBILITY = YES;
				SWIFT_VERSION = 5.0;
				TARGETED_DEVICE_FAMILY = "1,2";
				TEST_TARGET_NAME = SSSBLaundry;
			};
			name = Debug;
		};
		64F3FBA82FA1143A00D7078A /* Release */ = {
			isa = XCBuildConfiguration;
			buildSettings = {
				CODE_SIGN_STYLE = Automatic;
				CURRENT_PROJECT_VERSION = 1;
				DEVELOPMENT_TEAM = XQ9HKBVB36;
				GENERATE_INFOPLIST_FILE = YES;
				MARKETING_VERSION = 1.0;
				PRODUCT_BUNDLE_IDENTIFIER = se.floreteng.SSSBLaundryUITests;
				PRODUCT_NAME = "$(TARGET_NAME)";
				STRING_CATALOG_GENERATE_SYMBOLS = NO;
				SWIFT_APPROACHABLE_CONCURRENCY = YES;
				SWIFT_EMIT_LOC_STRINGS = NO;
				SWIFT_UPCOMING_FEATURE_MEMBER_IMPORT_VISIBILITY = YES;
				SWIFT_VERSION = 5.0;
				TARGETED_DEVICE_FAMILY = "1,2";
				TEST_TARGET_NAME = SSSBLaundry;
			};
			name = Release;
		};
/* End XCBuildConfiguration section */

/* Begin XCConfigurationList section */
		64F3FB782FA1143800D7078A /* Build configuration list for PBXProject "SSSBLaundry" */ = {
			isa = XCConfigurationList;
			buildConfigurations = (
				64F3FB9E2FA1143A00D7078A /* Debug */,
				64F3FB9F2FA1143A00D7078A /* Release */,
			);
			defaultConfigurationIsVisible = 0;
			defaultConfigurationName = Release;
		};
		64F3FBA02FA1143A00D7078A /* Build configuration list for PBXNativeTarget "SSSBLaundry" */ = {
			isa = XCConfigurationList;
			buildConfigurations = (
				64F3FBA12FA1143A00D7078A /* Debug */,
				64F3FBA22FA1143A00D7078A /* Release */,
			);
			defaultConfigurationIsVisible = 0;
			defaultConfigurationName = Release;
		};
		64F3FBA32FA1143A00D7078A /* Build configuration list for PBXNativeTarget "SSSBLaundryTests" */ = {
			isa = XCConfigurationList;
			buildConfigurations = (
				64F3FBA42FA1143A00D7078A /* Debug */,
				64F3FBA52FA1143A00D7078A /* Release */,
			);
			defaultConfigurationIsVisible = 0;
			defaultConfigurationName = Release;
		};
		64F3FBA62FA1143A00D7078A /* Build configuration list for PBXNativeTarget "SSSBLaundryUITests" */ = {
			isa = XCConfigurationList;
			buildConfigurations = (
				64F3FBA72FA1143A00D7078A /* Debug */,
				64F3FBA82FA1143A00D7078A /* Release */,
			);
			defaultConfigurationIsVisible = 0;
			defaultConfigurationName = Release;
		};
/* End XCConfigurationList section */
	};
	rootObject = 64F3FB752FA1143800D7078A /* Project object */;
}
